
Microsoft Visual Studio Solution File, Format Version 12.00
# Visual Studio Version 17
VisualStudioVersion = 17.7.34031.279
MinimumVisualStudioVersion = 10.0.40219.1
Project("{9A19103F-16F7-4668-BE54-9A1E7A4F7556}") = "Queen", "Queen\Queen.csproj", "{31A83F2E-C076-4814-84EC-A0B4B343A9F8}"
EndProject
Project("{9A19103F-16F7-4668-BE54-9A1E7A4F7556}") = "Queen.Protocols", "Queen.Protocols\Queen.Protocols.csproj", "{F8FB5CED-B2A7-4498-81BF-7B2FB935CDF0}"
EndProject
Project("{9A19103F-16F7-4668-BE54-9A1E7A4F7556}") = "Queen.Server", "Queen.Server\Queen.Server.csproj", "{199E2CC2-219A-4CE8-AAFF-DE93FF3C1457}"
EndProject
Project("{FAE04EC0-301F-11D3-BF4B-00C04F79EFBC}") = "Queen.Gameplay", "Queen.Gameplay\Queen.Gameplay.csproj", "{6021541E-6FD1-4E8E-94F2-59FE4AE86BAA}"
EndProject
Global
	GlobalSection(SolutionConfigurationPlatforms) = preSolution
		Debug|Any CPU = Debug|Any CPU
		Release|Any CPU = Release|Any CPU
	EndGlobalSection
	GlobalSection(ProjectConfigurationPlatforms) = postSolution
		{31A83F2E-C076-4814-84EC-A0B4B343A9F8}.Debug|Any CPU.ActiveCfg = Debug|Any CPU
		{31A83F2E-C076-4814-84EC-A0B4B343A9F8}.Debug|Any CPU.Build.0 = Debug|Any CPU
		{31A83F2E-C076-4814-84EC-A0B4B343A9F8}.Release|Any CPU.ActiveCfg = Release|Any CPU
		{31A83F2E-C076-4814-84EC-A0B4B343A9F8}.Release|Any CPU.Build.0 = Release|Any CPU
		{F8FB5CED-B2A7-4498-81BF-7B2FB935CDF0}.Debug|Any CPU.ActiveCfg = Debug|Any CPU
		{F8FB5CED-B2A7-4498-81BF-7B2FB935CDF0}.Debug|Any CPU.Build.0 = Debug|Any CPU
		{F8FB5CED-B2A7-4498-81BF-7B2FB935CDF0}.Release|Any CPU.ActiveCfg = Release|Any CPU
		{F8FB5CED-B2A7-4498-81BF-7B2FB935CDF0}.Release|Any CPU.Build.0 = Release|Any CPU
		{199E2CC2-219A-4CE8-AAFF-DE93FF3C1457}.Debug|Any CPU.ActiveCfg = Debug|Any CPU
		{199E2CC2-219A-4CE8-AAFF-DE93FF3C1457}.Debug|Any CPU.Build.0 = Debug|Any CPU
		{199E2CC2-219A-4CE8-AAFF-DE93FF3C1457}.Release|Any CPU.ActiveCfg = Release|Any CPU
		{199E2CC2-219A-4CE8-AAFF-DE93FF3C1457}.Release|Any CPU.Build.0 = Release|Any CPU
		{6021541E-6FD1-4E8E-94F2-59FE4AE86BAA}.Debug|Any CPU.ActiveCfg = Debug|Any CPU
		{6021541E-6FD1-4E8E-94F2-59FE4AE86BAA}.Debug|Any CPU.Build.0 = Debug|Any CPU
		{6021541E-6FD1-4E8E-94F2-59FE4AE86BAA}.Release|Any CPU.ActiveCfg = Release|Any CPU
		{6021541E-6FD1-4E8E-94F2-59FE4AE86BAA}.Release|Any CPU.Build.0 = Release|Any CPU
	EndGlobalSection
	GlobalSection(SolutionProperties) = preSolution
		HideSolutionNode = FALSE
	EndGlobalSection
	GlobalSection(ExtensibilityGlobals) = postSolution
		SolutionGuid = {F81C07C6-0686-4BD9-B505-4E33D9D492FF}
	EndGlobalSection
EndGlobal
