
Microsoft Visual Studio Solution File, Format Version 12.00
# Visual Studio Version 17
VisualStudioVersion = 17.7.34031.279
MinimumVisualStudioVersion = 10.0.40219.1
Project("{9A19103F-16F7-4668-BE54-9A1E7A4F7556}") = "Queen", "Queen\Queen.csproj", "{31A83F2E-C076-4814-84EC-A0B4B343A9F8}"
EndProject
Project("{9A19103F-16F7-4668-BE54-9A1E7A4F7556}") = "Queen.Network", "Queen.Network\Queen.Network.csproj", "{11D7D148-FC71-4FFF-83DA-099976C0CBC4}"
EndProject
Global
	GlobalSection(SolutionConfigurationPlatforms) = preSolution
		Debug|Any CPU = Debug|Any CPU
		Release|Any CPU = Release|Any CPU
	EndGlobalSection
	GlobalSection(ProjectConfigurationPlatforms) = postSolution
		{31A83F2E-C076-4814-84EC-A0B4B343A9F8}.Debug|Any CPU.ActiveCfg = Debug|Any CPU
		{31A83F2E-C076-4814-84EC-A0B4B343A9F8}.Debug|Any CPU.Build.0 = Debug|Any CPU
		{31A83F2E-C076-4814-84EC-A0B4B343A9F8}.Release|Any CPU.ActiveCfg = Release|Any CPU
		{31A83F2E-C076-4814-84EC-A0B4B343A9F8}.Release|Any CPU.Build.0 = Release|Any CPU
		{11D7D148-FC71-4FFF-83DA-099976C0CBC4}.Debug|Any CPU.ActiveCfg = Debug|Any CPU
		{11D7D148-FC71-4FFF-83DA-099976C0CBC4}.Debug|Any CPU.Build.0 = Debug|Any CPU
		{11D7D148-FC71-4FFF-83DA-099976C0CBC4}.Release|Any CPU.ActiveCfg = Release|Any CPU
		{11D7D148-FC71-4FFF-83DA-099976C0CBC4}.Release|Any CPU.Build.0 = Release|Any CPU
	EndGlobalSection
	GlobalSection(SolutionProperties) = preSolution
		HideSolutionNode = FALSE
	EndGlobalSection
	GlobalSection(ExtensibilityGlobals) = postSolution
		SolutionGuid = {F81C07C6-0686-4BD9-B505-4E33D9D492FF}
	EndGlobalSection
EndGlobal
